{
  "name": "tt-repository",
  "lockfileVersion": 3,
  "requires": true,
  "packages": {
    "": {
      "name": "tt-repository",
      "license": "MIT",
      "devDependencies": {
        "typescript": "7.1.0-dev.20260826.1"
      }
    },
    "node_modules/@typescript/typescript-darwin-arm64": {
      "version": "7.1.0-dev.20260826.1",
      "resolved": "https://registry.npmjs.org/@typescript/typescript-darwin-arm64/-/typescript-darwin-arm64-7.1.0-dev.20260826.1.tgz",
      "integrity": "sha512-JtgriO6/JqGI7Aa83yOrHHfn5+7d3voEh/PiOHxHlLyzExnrSePPQNe/rKaNttLZyp8k2xN6PqdkJypZ2z1XLA==",
      "cpu": [
        "arm64"
      ],
      "dev": true,
      "license": "Apache-2.0",
      "optional": true,
      "os": [
        "darwin"
      ],
      "engines": {
        "node": ">=16.20.0"
      }
    },
    "node_modules/@typescript/typescript-darwin-x64": {
      "version": "7.1.0-dev.20260826.1",
      "resolved": "https://registry.npmjs.org/@typescript/typescript-darwin-x64/-/typescript-darwin-x64-7.1.0-dev.20260826.1.tgz",
      "integrity": "sha512-ilaPOBxA57t9dOPaPiFV461mKOhnMOnH52GIDlhT1gOyyewYrd7aQltKY28hPY9fu92Ouy8iSFUNPO5WsQT+eg==",
      "cpu": [
        "x64"
      ],
      "dev": true,
      "license": "Apache-2.0",
      "optional": true,
      "os": [
        "darwin"
      ],
      "engines": {
        "node": ">=16.20.0"
      }
    },
    "node_modules/@typescript/typescript-linux-arm": {
      "version": "7.1.0-dev.20260826.1",
      "resolved": "https://registry.npmjs.org/@typescript/typescript-linux-arm/-/typescript-linux-arm-7.1.0-dev.20260826.1.tgz",
      "integrity": "sha512-zB547ei4qtvBjPKJE8PwxmPfH/ayGUwAG0WUpRLBUZ3n91gaa9XA8VIjE00uDQxxb5r3SbecyF4zfAiuB8Mm6Q==",
      "cpu": [
        "arm"
      ],
      "dev": true,
      "license": "Apache-2.0",
      "optional": true,
      "os": [
        "linux"
      ],
      "engines": {
        "node": ">=16.20.0"
      }
    },
    "node_modules/@typescript/typescript-linux-arm64": {
      "version": "7.1.0-dev.20260826.1",
      "resolved": "https://registry.npmjs.org/@typescript/typescript-linux-arm64/-/typescript-linux-arm64-7.1.0-dev.20260826.1.tgz",
      "integrity": "sha512-dyd+JGmJudNvO7VftWD8BVR1uNP4lHpkbb3CMOUSVa9Fe3XboQVG70IgyQBcnCy2anMjroBaZ6cgs869PnO+Cg==",
      "cpu": [
        "arm64"
      ],
      "dev": true,
      "license": "Apache-2.0",
      "optional": true,
      "os": [
        "linux"
      ],
      "engines": {
        "node": ">=16.20.0"
      }
    },
    "node_modules/@typescript/typescript-linux-x64": {
      "version": "7.1.0-dev.20260826.1",
      "resolved": "https://registry.npmjs.org/@typescript/typescript-linux-x64/-/typescript-linux-x64-7.1.0-dev.20260826.1.tgz",
      "integrity": "sha512-R0GeopttynHqVvHAAlXRpIHHrD+VaQES5DhCEuw0vb+G4lERccjr2hKafz2h2PRd/Lln79ZRP5XQVt8KQe46OA==",
      "cpu": [
        "x64"
      ],
      "dev": true,
      "license": "Apache-2.0",
      "optional": true,
      "os": [
        "linux"
      ],
      "engines": {
        "node": ">=16.20.0"
      }
    },
    "node_modules/@typescript/typescript-win32-arm64": {
      "version": "7.1.0-dev.20260826.1",
      "resolved": "https://registry.npmjs.org/@typescript/typescript-win32-arm64/-/typescript-win32-arm64-7.1.0-dev.20260826.1.tgz",
      "integrity": "sha512-fqKfzTMdw84X70iA5vc2dibPKMM20CgGfh7bfJpve5x9XUQ6xJ3DNBTvn6E9FcEtRnYggx+7KX+6Edj6nYi28w==",
      "cpu": [
        "arm64"
      ],
      "dev": true,
      "license": "Apache-2.0",
      "optional": true,
      "os": [
        "win32"
      ],
      "engines": {
        "node": ">=16.20.0"
      }
    },
    "node_modules/@typescript/typescript-win32-x64": {
      "version": "7.1.0-dev.20260826.1",
      "resolved": "https://registry.npmjs.org/@typescript/typescript-win32-x64/-/typescript-win32-x64-7.1.0-dev.20260826.1.tgz",
      "integrity": "sha512-ro65itnnd6/3VfU1//4OnK3KrqudGqw7g+Eay70qHVBiMW9ujGp1b5hi9FT6ROi2jpNU5ESmEoHYQeVO5+M6Hg==",
      "cpu": [
        "x64"
      ],
      "dev": true,
      "license": "Apache-2.0",
      "optional": true,
      "os": [
        "win32"
      ],
      "engines": {
        "node": ">=16.20.0"
      }
    },
    "node_modules/typescript": {
      "version": "7.1.0-dev.20260826.1",
      "resolved": "https://registry.npmjs.org/typescript/-/typescript-7.1.0-dev.20260826.1.tgz",
      "integrity": "sha512-fpmuaoIKxBNELDDc0hwdzdzYJuhgoyfdTc3pAMw99TKUMbCJXmxmNdMCqsRx/iHOckUkVdcBQ7R2cOKXbXZFww==",
      "dev": true,
      "license": "Apache-2.0",
      "bin": {
        "tsc": "bin/tsc"
      },
      "engines": {
        "node": ">=16.20.0"
      },
      "optionalDependencies": {
        "@typescript/typescript-darwin-arm64": "7.1.0-dev.20260826.1",
        "@typescript/typescript-darwin-x64": "7.1.0-dev.20260826.1",
        "@typescript/typescript-linux-arm": "7.1.0-dev.20260826.1",
        "@typescript/typescript-linux-arm64": "7.1.0-dev.20260826.1",
        "@typescript/typescript-linux-x64": "7.1.0-dev.20260826.1",
        "@typescript/typescript-win32-arm64": "7.1.0-dev.20260826.1",
        "@typescript/typescript-win32-x64": "7.1.0-dev.20260826.1"
      }
    }
  }
}
